
Microsoft Visual Studio Solution File, Format Version 12.00
# Visual Studio 2012
Project("{FAE04EC0-301F-11D3-BF4B-00C04F79EFBC}") = "EnumerableyieldDemo", "EnumerableyieldDemo.csproj", "{D5175680-0818-4DBA-9A56-931C7F9D76BD}"
EndProject
Global
	GlobalSection(SolutionConfigurationPlatforms) = preSolution
		Debug|Any CPU = Debug|Any CPU
		Release|Any CPU = Release|Any CPU
	EndGlobalSection
	GlobalSection(ProjectConfigurationPlatforms) = postSolution
		{D5175680-0818-4DBA-9A56-931C7F9D76BD}.Debug|Any CPU.ActiveCfg = Debug|Any CPU
		{D5175680-0818-4DBA-9A56-931C7F9D76BD}.Debug|Any CPU.Build.0 = Debug|Any CPU
		{D5175680-0818-4DBA-9A56-931C7F9D76BD}.Release|Any CPU.ActiveCfg = Release|Any CPU
		{D5175680-0818-4DBA-9A56-931C7F9D76BD}.Release|Any CPU.Build.0 = Release|Any CPU
	EndGlobalSection
	GlobalSection(SolutionProperties) = preSolution
		HideSolutionNode = FALSE
	EndGlobalSection
EndGlobal
